dependencies:
  espressif/mdns:
    component_hash: 
      af6306fe65d637a3683d1cf671508fcedd6b05f9ca029a8815abeab64001fb8d
    dependencies:
    - name: idf
      require: private
      version: '>=5.0'
    source:
      registry_url: https://components.espressif.com/
      type: service
    version: 1.4.0
  idf:
    source:
      type: idf
    version: 5.5.0
direct_dependencies:
- espressif/mdns
- idf
manifest_hash: 859b7ed41cae756cd0c78ca6f659380e8f7a290699cbc4a9f98e46e2ec771aec
target: esp32c3
version: 2.0.0
